
Microsoft Visual Studio Solution File, Format Version 12.00
# Visual Studio Version 16
VisualStudioVersion = 16.0.30204.135
MinimumVisualStudioVersion = 10.0.40219.1
Project("{9A19103F-16F7-4668-BE54-9A1E7A4F7556}") = "RecursiveFileFolders.ServiceWorker", "RecursiveFileFolders.ServiceWorker\RecursiveFileFolders.ServiceWorker.csproj", "{6F2B2602-6944-4C79-947F-A8497A563B32}"
EndProject
Project("{9A19103F-16F7-4668-BE54-9A1E7A4F7556}") = "RecursiveFileFolders.Tests", "RecursiveFileFolders.Tests\RecursiveFileFolders.Tests.csproj", "{39FB3C23-BFE5-4C85-8344-FCE1C233E595}"
EndProject
Global
	GlobalSection(SolutionConfigurationPlatforms) = preSolution
		Debug|Any CPU = Debug|Any CPU
		Release|Any CPU = Release|Any CPU
	EndGlobalSection
	GlobalSection(ProjectConfigurationPlatforms) = postSolution
		{6F2B2602-6944-4C79-947F-A8497A563B32}.Debug|Any CPU.ActiveCfg = Debug|Any CPU
		{6F2B2602-6944-4C79-947F-A8497A563B32}.Debug|Any CPU.Build.0 = Debug|Any CPU
		{6F2B2602-6944-4C79-947F-A8497A563B32}.Release|Any CPU.ActiveCfg = Release|Any CPU
		{6F2B2602-6944-4C79-947F-A8497A563B32}.Release|Any CPU.Build.0 = Release|Any CPU
		{39FB3C23-BFE5-4C85-8344-FCE1C233E595}.Debug|Any CPU.ActiveCfg = Debug|Any CPU
		{39FB3C23-BFE5-4C85-8344-FCE1C233E595}.Debug|Any CPU.Build.0 = Debug|Any CPU
		{39FB3C23-BFE5-4C85-8344-FCE1C233E595}.Release|Any CPU.ActiveCfg = Release|Any CPU
		{39FB3C23-BFE5-4C85-8344-FCE1C233E595}.Release|Any CPU.Build.0 = Release|Any CPU
	EndGlobalSection
	GlobalSection(SolutionProperties) = preSolution
		HideSolutionNode = FALSE
	EndGlobalSection
	GlobalSection(ExtensibilityGlobals) = postSolution
		SolutionGuid = {D2321B0B-FE44-4130-B44F-822AB1960CE0}
	EndGlobalSection
EndGlobal
